
Microsoft Visual Studio Solution File, Format Version 12.00
# Visual Studio Version 17
VisualStudioVersion = 17.14.36518.9
MinimumVisualStudioVersion = 10.0.40219.1
Project("{FAE04EC0-301F-11D3-BF4B-00C04F79EFBC}") = "DVLD", "DVLD.csproj", "{ED0F1A2F-C514-4A5E-AD0E-800F7AE56204}"
EndProject
Project("{FAE04EC0-301F-11D3-BF4B-00C04F79EFBC}") = "DVLD_BusinessLayer", "..\DVLD-BusinessLayer\DVLD_BusinessLayer.csproj", "{658C3C2C-602A-481C-83C9-4513C1D813F8}"
EndProject
Project("{FAE04EC0-301F-11D3-BF4B-00C04F79EFBC}") = "DVLD_DataAccessLayer", "..\DVLD-DataAccessLayer\DVLD_DataAccessLayer.csproj", "{979B1752-BAB8-4542-9A5D-90D3E7C31181}"
EndProject
Global
	GlobalSection(SolutionConfigurationPlatforms) = preSolution
		Debug|Any CPU = Debug|Any CPU
		Release|Any CPU = Release|Any CPU
	EndGlobalSection
	GlobalSection(ProjectConfigurationPlatforms) = postSolution
		{ED0F1A2F-C514-4A5E-AD0E-800F7AE56204}.Debug|Any CPU.ActiveCfg = Debug|Any CPU
		{ED0F1A2F-C514-4A5E-AD0E-800F7AE56204}.Debug|Any CPU.Build.0 = Debug|Any CPU
		{ED0F1A2F-C514-4A5E-AD0E-800F7AE56204}.Release|Any CPU.ActiveCfg = Release|Any CPU
		{ED0F1A2F-C514-4A5E-AD0E-800F7AE56204}.Release|Any CPU.Build.0 = Release|Any CPU
		{658C3C2C-602A-481C-83C9-4513C1D813F8}.Debug|Any CPU.ActiveCfg = Debug|Any CPU
		{658C3C2C-602A-481C-83C9-4513C1D813F8}.Debug|Any CPU.Build.0 = Debug|Any CPU
		{658C3C2C-602A-481C-83C9-4513C1D813F8}.Release|Any CPU.ActiveCfg = Release|Any CPU
		{658C3C2C-602A-481C-83C9-4513C1D813F8}.Release|Any CPU.Build.0 = Release|Any CPU
		{979B1752-BAB8-4542-9A5D-90D3E7C31181}.Debug|Any CPU.ActiveCfg = Debug|Any CPU
		{979B1752-BAB8-4542-9A5D-90D3E7C31181}.Debug|Any CPU.Build.0 = Debug|Any CPU
		{979B1752-BAB8-4542-9A5D-90D3E7C31181}.Release|Any CPU.ActiveCfg = Release|Any CPU
		{979B1752-BAB8-4542-9A5D-90D3E7C31181}.Release|Any CPU.Build.0 = Release|Any CPU
	EndGlobalSection
	GlobalSection(SolutionProperties) = preSolution
		HideSolutionNode = FALSE
	EndGlobalSection
	GlobalSection(ExtensibilityGlobals) = postSolution
		SolutionGuid = {AFB10A12-B17D-442B-9735-2EA9B123F27B}
	EndGlobalSection
EndGlobal
